
Microsoft Visual Studio Solution File, Format Version 12.00
# Visual Studio Version 17
VisualStudioVersion = 17.13.35931.197 d17.13
MinimumVisualStudioVersion = 10.0.40219.1
Project("{FAE04EC0-301F-11D3-BF4B-00C04F79EFBC}") = "SeriesAnalyzer", "SeriesAnalyzer\SeriesAnalyzer.csproj", "{3891F3C7-4005-4410-9144-961F1642488E}"
EndProject
Global
	GlobalSection(SolutionConfigurationPlatforms) = preSolution
		Debug|Any CPU = Debug|Any CPU
		Release|Any CPU = Release|Any CPU
	EndGlobalSection
	GlobalSection(ProjectConfigurationPlatforms) = postSolution
		{3891F3C7-4005-4410-9144-961F1642488E}.Debug|Any CPU.ActiveCfg = Debug|Any CPU
		{3891F3C7-4005-4410-9144-961F1642488E}.Debug|Any CPU.Build.0 = Debug|Any CPU
		{3891F3C7-4005-4410-9144-961F1642488E}.Release|Any CPU.ActiveCfg = Release|Any CPU
		{3891F3C7-4005-4410-9144-961F1642488E}.Release|Any CPU.Build.0 = Release|Any CPU
	EndGlobalSection
	GlobalSection(SolutionProperties) = preSolution
		HideSolutionNode = FALSE
	EndGlobalSection
	GlobalSection(ExtensibilityGlobals) = postSolution
		SolutionGuid = {3868BF5A-2D7D-4615-93A3-B36406B6F7EF}
	EndGlobalSection
EndGlobal
